
Microsoft Visual Studio Solution File, Format Version 12.00
# Visual Studio Version 16
VisualStudioVersion = 16.0.36602.28
MinimumVisualStudioVersion = 10.0.40219.1
Project("{FAE04EC0-301F-11D3-BF4B-00C04F79EFBC}") = "WpfAppCvoca", "WpfAppCvoca\WpfAppCvoca.csproj", "{315078D9-F11F-4567-AF96-C12CBE404BFB}"
EndProject
Global
	GlobalSection(SolutionConfigurationPlatforms) = preSolution
		Debug|Any CPU = Debug|Any CPU
		Release|Any CPU = Release|Any CPU
	EndGlobalSection
	GlobalSection(ProjectConfigurationPlatforms) = postSolution
		{315078D9-F11F-4567-AF96-C12CBE404BFB}.Debug|Any CPU.ActiveCfg = Debug|Any CPU
		{315078D9-F11F-4567-AF96-C12CBE404BFB}.Debug|Any CPU.Build.0 = Debug|Any CPU
		{315078D9-F11F-4567-AF96-C12CBE404BFB}.Release|Any CPU.ActiveCfg = Release|Any CPU
		{315078D9-F11F-4567-AF96-C12CBE404BFB}.Release|Any CPU.Build.0 = Release|Any CPU
	EndGlobalSection
	GlobalSection(SolutionProperties) = preSolution
		HideSolutionNode = FALSE
	EndGlobalSection
	GlobalSection(ExtensibilityGlobals) = postSolution
		SolutionGuid = {DADD6B72-C0ED-4573-9E80-34D768541B97}
	EndGlobalSection
EndGlobal
